# THIS IS AN AUTOGENERATED FILE. DO NOT EDIT THIS FILE DIRECTLY.
# yarn lockfile v1


debug@^4.1.1:
  version "4.1.1"
  resolved "https://registry.yarnpkg.com/debug/-/debug-4.1.1.tgz#3b72260255109c6b589cee050f1d516139664791"
  integrity sha512-pYAIzeRo8J6KPEaJ0VWOh5Pzkbw/RetuzehGM7QRRX5he4fPHx2rdKMB256ehJCkX+XRQm16eZLqLNS8RSZXZw==
  dependencies:
    ms "^2.1.1"

easy-stack@^1.0.0:
  version "1.0.0"
  resolved "https://registry.yarnpkg.com/easy-stack/-/easy-stack-1.0.0.tgz#12c91b3085a37f0baa336e9486eac4bf94e3e788"
  integrity sha1-EskbMIWjfwuqM26UhurEv5Tj54g=

event-pubsub@4.3.0:
  version "4.3.0"
  resolved "https://registry.yarnpkg.com/event-pubsub/-/event-pubsub-4.3.0.tgz#f68d816bc29f1ec02c539dc58c8dd40ce72cb36e"
  integrity sha512-z7IyloorXvKbFx9Bpie2+vMJKKx1fH1EN5yiTfp8CiLOTptSYy1g8H4yDpGlEdshL1PBiFtBHepF2cNsqeEeFQ==

js-message@1.0.5:
  version "1.0.5"
  resolved "https://registry.yarnpkg.com/js-message/-/js-message-1.0.5.tgz#2300d24b1af08e89dd095bc1a4c9c9cfcb892d15"
  integrity sha1-IwDSSxrwjondCVvBpMnJz8uJLRU=

js-queue@2.0.0:
  version "2.0.0"
  resolved "https://registry.yarnpkg.com/js-queue/-/js-queue-2.0.0.tgz#362213cf860f468f0125fc6c96abc1742531f948"
  integrity sha1-NiITz4YPRo8BJfxslqvBdCUx+Ug=
  dependencies:
    easy-stack "^1.0.0"

ms@^2.1.1:
  version "2.1.2"
  resolved "https://registry.yarnpkg.com/ms/-/ms-2.1.2.tgz#d09d1f357b443f493382a8eb3ccd183872ae6009"
  integrity sha512-sGkPx+VjMtmA6MX27oA4FBFELFCZZ4S4XqeGOXCv68tT+jb3vk/RyaKWP0PTKyWtmLSM0b+adUTEvbs1PEaH2w==

node-ipc@^9.1.1:
  version "9.1.1"
  resolved "https://registry.yarnpkg.com/node-ipc/-/node-ipc-9.1.1.tgz#4e245ed6938e65100e595ebc5dc34b16e8dd5d69"
  integrity sha512-FAyICv0sIRJxVp3GW5fzgaf9jwwRQxAKDJlmNFUL5hOy+W4X/I5AypyHoq0DXXbo9o/gt79gj++4cMr4jVWE/w==
  dependencies:
    event-pubsub "4.3.0"
    js-message "1.0.5"
    js-queue "2.0.0"

uuid@^3.3.3:
  version "3.3.3"
  resolved "https://registry.yarnpkg.com/uuid/-/uuid-3.3.3.tgz#4568f0216e78760ee1dbf3a4d2cf53e224112866"
  integrity sha512-pW0No1RGHgzlpHJO1nsVrHKpOEIxkGg1xB+v0ZmdNH5OAeAwzAVrCnI2/6Mtx+Uys6iaylxa+D3g4j63IKKjSQ==
